# platform: osx-64
# env_hash: 044a3b1f780f8775e1a140216409c2e56dd156ede155a9b4f77b418b6cc61888
@EXPLICIT
https://conda.anaconda.org/conda-forge/osx-64/bzip2-1.0.8-hc929b4f_4.tar.bz2#521b82c700a64bac7d8da27539422e91
https://conda.anaconda.org/conda-forge/osx-64/c-ares-1.17.1-hc929b4f_0.tar.bz2#24fc0b91a6eacc6753fef90514d67ce9
https://conda.anaconda.org/conda-forge/osx-64/ca-certificates-2020.12.5-h033912b_0.tar.bz2#4483d8ea13bd57b52e3539e741501a7d
https://conda.anaconda.org/conda-forge/osx-64/freexl-1.0.5-h0b31af3_1002.tar.bz2#8ae78373f1ae5b82e1429c253e366051
https://conda.anaconda.org/conda-forge/osx-64/giflib-5.2.1-hbcb3906_2.tar.bz2#be8f747c37e4d7e346c133e641966750
https://conda.anaconda.org/conda-forge/osx-64/jpeg-9d-hbcb3906_0.tar.bz2#ff6fba028f282f94ceb10597d58a56e8
https://conda.anaconda.org/conda-forge/osx-64/json-c-0.13.1-h575e443_1002.tar.bz2#79d224748da1805ae297b21fbb83b1e0
https://conda.anaconda.org/conda-forge/osx-64/lame-3.100-h35c211d_1001.tar.bz2#6bb207f7b08380ce2bc833bb60f91046
https://conda.anaconda.org/conda-forge/osx-64/libcxx-11.0.1-habf9029_0.tar.bz2#51c221f12b7975d60dae27cd8280efac
https://conda.anaconda.org/conda-forge/osx-64/libev-4.33-haf1e3a3_1.tar.bz2#79dc2be110b2a3d1e97ec21f691c50ad
https://conda.anaconda.org/conda-forge/osx-64/libiconv-1.16-haf1e3a3_0.tar.bz2#c5fab167412a52e491c8e11453ae016f
https://conda.anaconda.org/conda-forge/osx-64/libsodium-1.0.18-hbcb3906_1.tar.bz2#24632c09ed931af617fe6d5292919cab
https://conda.anaconda.org/conda-forge/osx-64/libuv-1.40.0-h35c211d_0.tar.bz2#4e1f53e460522ec90606a608c0cf498e
https://conda.anaconda.org/conda-forge/osx-64/libwebp-base-1.2.0-hbcf498f_0.tar.bz2#1405fc14579e59a44962ad6317a06f23
https://conda.anaconda.org/conda-forge/osx-64/ncurses-6.2-h2e338ed_4.tar.bz2#9cef1910395d1543527583e73dba30f1
https://conda.anaconda.org/conda-forge/osx-64/nettle-3.6-hedd7734_0.tar.bz2#9c9d5d69c39596b22a7495aef3310a3d
https://conda.anaconda.org/conda-forge/osx-64/pandoc-2.11.4-h35c211d_0.tar.bz2#7d3282f19abe9745707987104954bbcb
https://conda.anaconda.org/conda-forge/osx-64/pixman-0.40.0-hbcb3906_0.tar.bz2#09a583a6f172715be21d93aaa1b42d71
https://conda.anaconda.org/conda-forge/noarch/poppler-data-0.4.10-0.tar.bz2#02204e159c8596584135923fd81a2c10
https://conda.anaconda.org/conda-forge/osx-64/tzcode-2021a-h35c211d_0.tar.bz2#4f90bda0bb34d9eab06bb9ea0f833719
https://conda.anaconda.org/conda-forge/osx-64/x264-1!161.3030-h35c211d_0.tar.bz2#80ee9527d11fec0ab628b614260ba483
https://conda.anaconda.org/conda-forge/osx-64/xz-5.2.5-haf1e3a3_1.tar.bz2#41116deb499e9bc58048c297d6403ce6
https://conda.anaconda.org/conda-forge/osx-64/yaml-0.2.5-haf1e3a3_0.tar.bz2#84c2fc186995c25a43e86ed708065572
https://conda.anaconda.org/conda-forge/osx-64/zlib-1.2.11-h7795811_1010.tar.bz2#7d39e47e16ed0107f37c7224d5b5be8b
https://conda.anaconda.org/conda-forge/osx-64/expat-2.2.10-h1c7c35f_0.tar.bz2#5963a2ace3da084372d292a9bc44a220
https://conda.anaconda.org/conda-forge/osx-64/geos-3.8.1-h4a8c4bd_0.tar.bz2#b0590b5a8d2d488d469ab4cb343606ac
https://conda.anaconda.org/conda-forge/osx-64/gmp-6.2.1-h2e338ed_0.tar.bz2#dedc96914428dae572a39e69ee2a392f
https://conda.anaconda.org/conda-forge/osx-64/hdf4-4.2.13-h71d84a9_1004.tar.bz2#798adc59c4f9633b4146fd0bde19437b
https://conda.anaconda.org/conda-forge/osx-64/icu-68.1-h74dc148_0.tar.bz2#e4e7f8580abd1275ea2250fe606b66ac
https://conda.anaconda.org/conda-forge/osx-64/jasper-1.900.1-h636a363_1006.tar.bz2#3da668fadd9fe0387d68180a21b9c3c7
https://conda.anaconda.org/conda-forge/osx-64/libedit-3.1.20191231-h0678c8f_2.tar.bz2#6016a8a1d0e63cac3de2c352cd40208b
https://conda.anaconda.org/conda-forge/osx-64/libffi-3.3-h046ec9c_2.tar.bz2#c7a196accaf92d40985d5c9b4d14f9cb
https://conda.anaconda.org/conda-forge/osx-64/libllvm10-10.0.1-h009f743_3.tar.bz2#cc65eb0b26253d2789320bfd661852f9
https://conda.anaconda.org/conda-forge/osx-64/libpng-1.6.37-h7cec526_2.tar.bz2#9e52521faba2b53269672628d34e1513
https://conda.anaconda.org/conda-forge/osx-64/llvm-openmp-8.0.1-h770b8ee_0.tar.bz2#22981e6688ff84040427ecfbdb45825a
https://conda.anaconda.org/conda-forge/osx-64/lz4-c-1.9.3-h046ec9c_0.tar.bz2#7f13d69c1b7989b85029efb6f3e35af9
https://conda.anaconda.org/conda-forge/osx-64/openh264-2.1.1-hfd3ada9_0.tar.bz2#468e32402dae56c73b29fb74160a9b2a
https://conda.anaconda.org/conda-forge/osx-64/openssl-1.1.1j-hbcf498f_0.tar.bz2#09a02162d159d2f7ebe8749ae6960667
https://conda.anaconda.org/conda-forge/osx-64/pcre-8.44-hb1e8313_0.tar.bz2#e1c1a939ae5ecd32f13db1f742b434e5
https://conda.anaconda.org/conda-forge/osx-64/readline-8.0-h0678c8f_2.tar.bz2#8f69d684fce8e73328995d7efb77816a
https://conda.anaconda.org/conda-forge/osx-64/tk-8.6.10-h0419947_1.tar.bz2#9a79a432473acddd936ff8bab8b86145
https://conda.anaconda.org/conda-forge/osx-64/zeromq-4.3.4-h1c7c35f_0.tar.bz2#2af55e3523e9210b2b2dff5855fb5382
https://conda.anaconda.org/conda-forge/osx-64/freetype-2.10.4-h4cff582_1.tar.bz2#5a136a432c6062362cd7990c514bd8d6
https://conda.anaconda.org/conda-forge/osx-64/gettext-0.19.8.1-h7937167_1005.tar.bz2#52fd84c5cc5d61a6e05885f44d033efa
https://conda.anaconda.org/conda-forge/osx-64/hdfeos2-2.20-h207910d_1000.tar.bz2#e3bfbee3b7490ef2d2a47086a1c91dae
https://conda.anaconda.org/conda-forge/osx-64/krb5-1.17.2-h60d9502_0.tar.bz2#abf2add2a1ade1920b25a8f3327a1aa0
https://conda.anaconda.org/conda-forge/osx-64/libgfortran4-7.5.0-h1a10cd1_18.tar.bz2#aa4da38b9c94bab1a6ec44fe1580d34c
https://conda.anaconda.org/conda-forge/osx-64/libnghttp2-1.43.0-h07e645a_0.tar.bz2#b4a9c405d47f3b120ed6cf86cc8a13aa
https://conda.anaconda.org/conda-forge/osx-64/librttopo-1.1.0-h822eb06_4.tar.bz2#58edbfd25d3445f5df8097c6c013b9a7
https://conda.anaconda.org/conda-forge/osx-64/libssh2-1.9.0-h8a08a2b_5.tar.bz2#2e0e86262d3c9a11230ab55fc0468e49
https://conda.anaconda.org/conda-forge/osx-64/libxml2-2.9.10-h802ca4f_3.tar.bz2#42435730cf54092342e0c3eb571b511b
https://conda.anaconda.org/conda-forge/osx-64/mpfr-4.0.2-h72d8aaf_1.tar.bz2#a7b9a26985eadd6675077490a015e61e
https://conda.anaconda.org/conda-forge/osx-64/nodejs-15.3.0-h2167f94_1.tar.bz2#b3487f89c2a7ff7340ed1ff1f0387821
https://conda.anaconda.org/conda-forge/osx-64/openmp-8.0.1-0.tar.bz2#3dbc076bd4314ddaa831fe6bbe19ee2a
https://conda.anaconda.org/conda-forge/osx-64/sqlite-3.34.0-h17101e1_0.tar.bz2#9e9694f119bb1a2362a0cc0249651835
https://conda.anaconda.org/conda-forge/osx-64/udunits2-2.2.27.27-h9371bac_0.tar.bz2#3eb9f931622c8ed42126c74abc648370
https://conda.anaconda.org/conda-forge/osx-64/xerces-c-3.2.3-hd3a8c1e_2.tar.bz2#b70bf4fc539539b7fb54069da905777f
https://conda.anaconda.org/conda-forge/osx-64/zstd-1.4.8-hf387650_1.tar.bz2#c17f2ece6445e21c290df2f9a0f1f94d
https://conda.anaconda.org/conda-forge/osx-64/boost-cpp-1.74.0-h43a636a_2.tar.bz2#547d7c5e9afe4b7164ebc0c7b6df5bf0
https://conda.anaconda.org/conda-forge/osx-64/configurable-http-proxy-1.3.0-0.tar.bz2#4a961b0a2a9e493f2e580e6d5875455b
https://conda.anaconda.org/conda-forge/osx-64/fontconfig-2.13.1-hd23ceaa_1004.tar.bz2#f7a97ed909ce3b2653e8ec5752a6923c
https://conda.anaconda.org/conda-forge/osx-64/gnutls-3.6.13-h756fd2b_1.tar.bz2#cf812214a917b4d48ce536d427770ec9
https://conda.anaconda.org/conda-forge/osx-64/libcurl-7.71.1-h9bf37e3_8.tar.bz2#1a136204085b4c620fe2ed74fb1112bf
https://conda.anaconda.org/conda-forge/osx-64/libgfortran-4.0.0-7_5_0_h1a10cd1_18.tar.bz2#45c34fc2d41e8d07fc8d2bd15f911ce9
https://conda.anaconda.org/conda-forge/osx-64/libglib-2.66.7-h56565ab_0.tar.bz2#c700cd45dfaf7b370f5f6c761e97c330
https://conda.anaconda.org/conda-forge/osx-64/libpq-12.3-h7049927_3.tar.bz2#0d81d4294d3afd9b7269821e71d0fd0c
https://conda.anaconda.org/conda-forge/osx-64/libtiff-4.2.0-h355d032_0.tar.bz2#ad3cbf0f77b9f89df082eef584d9009a
https://conda.anaconda.org/conda-forge/osx-64/mpc-1.1.0-ha57cd0f_1009.tar.bz2#e97438cea7c25b9906edf9525f580674
https://conda.anaconda.org/conda-forge/osx-64/python-3.8.6-h624753d_5_cpython.tar.bz2#3e977b3e50ac239250b2a9e0e79e6360
https://conda.anaconda.org/conda-forge/noarch/alabaster-0.7.12-py_0.tar.bz2#2489a97287f90176ecdc3ca982b4b0a0
https://conda.anaconda.org/conda-forge/noarch/appdirs-1.4.4-pyh9f0ad1d_0.tar.bz2#5f095bc6454094e96f146491fd03633b
https://conda.anaconda.org/conda-forge/noarch/async_generator-1.10-py_0.tar.bz2#d56c596e61b1c4952acf0a9920856c12
https://conda.anaconda.org/conda-forge/noarch/attrs-20.3.0-pyhd3deb0d_0.tar.bz2#5b319abb055eefcfa344bc21378ca23f
https://conda.anaconda.org/conda-forge/noarch/backcall-0.2.0-pyh9f0ad1d_0.tar.bz2#6006a6d08a3fa99268a2681c7fb55213
https://conda.anaconda.org/conda-forge/noarch/backports-1.0-py_2.tar.bz2#0da16b293affa6ac31812376f8eb79dd
https://conda.anaconda.org/conda-forge/noarch/blinker-1.4-py_1.tar.bz2#fa509a09190583f869ae442bf4d17f5f
https://conda.anaconda.org/conda-forge/osx-64/cairo-1.16.0-h4ec454a_1007.tar.bz2#2fe74116958e7759cbe498334a0c19c5
https://conda.anaconda.org/conda-forge/osx-64/cfitsio-3.470-h422484a_7.tar.bz2#9471df83e832723b1b8d9cb9b28efa4c
https://conda.anaconda.org/conda-forge/noarch/click-7.1.2-pyh9f0ad1d_0.tar.bz2#bd50a970ce07e660c319fdc4d730d3f1
https://conda.anaconda.org/conda-forge/noarch/colorama-0.4.4-pyh9f0ad1d_0.tar.bz2#c08b4c1326b880ed44f3ffb04803332f
https://conda.anaconda.org/conda-forge/osx-64/curl-7.71.1-hcb81553_8.tar.bz2#82d166def6b920c17688f9ec0d766908
https://conda.anaconda.org/conda-forge/noarch/decorator-4.4.2-py_0.tar.bz2#d2eabb9cabd212e1ec6a9463bd846243
https://conda.anaconda.org/conda-forge/noarch/defusedxml-0.6.0-py_0.tar.bz2#37e1033daee0e2edaa5ff42584c52b21
https://conda.anaconda.org/conda-forge/noarch/entrypoints-0.3-pyhd8ed1ab_1003.tar.bz2#bbf9a201f6ce99a506f4955374d9a9f4
https://conda.anaconda.org/conda-forge/osx-64/ffmpeg-4.3.1-hb787a4c_2.tar.bz2#7141d6db28f316a2d62ee1fd3182ec9c
https://conda.anaconda.org/conda-forge/noarch/filelock-3.0.12-pyh9f0ad1d_0.tar.bz2#7544ed05bbbe9bb687bc9bcbe4d6cb46
https://conda.anaconda.org/conda-forge/osx-64/hdf5-1.10.6-nompi_h34ad4e8_1111.tar.bz2#9f962dca3353afb875f3defbbed57313
https://conda.anaconda.org/conda-forge/noarch/idna-2.10-pyh9f0ad1d_0.tar.bz2#f95a12b4f435aae6680fe55ae2eb1b06
https://conda.anaconda.org/conda-forge/noarch/imagesize-1.2.0-py_0.tar.bz2#5879bd2c4b399a5072468e5fe587bf1b
https://conda.anaconda.org/conda-forge/noarch/ipython_genutils-0.2.0-py_1.tar.bz2#5071c982548b3a20caf70462f04f5287
https://conda.anaconda.org/conda-forge/noarch/json5-0.9.5-pyh9f0ad1d_0.tar.bz2#10759827a94e6b14996e81fb002c0bda
https://conda.anaconda.org/conda-forge/noarch/jupyterlab_widgets-1.0.0-pyhd8ed1ab_1.tar.bz2#f8da92114c8fbe1d951b0efaf54dd14b
https://conda.anaconda.org/conda-forge/osx-64/lcms2-2.12-h577c468_0.tar.bz2#abce77b852b73670e85e104746b0ea1b
https://conda.anaconda.org/conda-forge/osx-64/libkml-1.3.0-h3dc3bee_1012.tar.bz2#aab397f88f997e868ce930c14528bea8
https://conda.anaconda.org/conda-forge/osx-64/libopenblas-0.3.7-h3d69b6c_4.tar.bz2#1c66a224ff1bbd2248bee5027bb46e54
https://conda.anaconda.org/conda-forge/noarch/mpmath-1.2.1-pyhd8ed1ab_0.tar.bz2#9b06ebbd24f7c60ba5a29117c528514e
https://conda.anaconda.org/conda-forge/noarch/nest-asyncio-1.4.3-pyhd8ed1ab_0.tar.bz2#a1f2fda4d88c624810bf2029aa4c0827
https://conda.anaconda.org/conda-forge/noarch/olefile-0.46-pyh9f0ad1d_1.tar.bz2#0b2e68acc8c78c8cc392b90983481f58
https://conda.anaconda.org/conda-forge/osx-64/openjpeg-2.4.0-h6cbf5cd_0.tar.bz2#38e701cb94a7e667a19c287f2398f04b
https://conda.anaconda.org/conda-forge/noarch/oset-0.1.3-py_1.tar.bz2#4c1f50f50fc006830864a2a802b1f592
https://conda.anaconda.org/conda-forge/noarch/pamela-1.0.0-py_0.tar.bz2#36f6f18d2f3ae0c93d77a9dbedad08c3
https://conda.anaconda.org/conda-forge/noarch/pandocfilters-1.4.2-py_1.tar.bz2#ba6f4a308f1ea22abe1d72e72544af76
https://conda.anaconda.org/conda-forge/noarch/parso-0.8.1-pyhd8ed1ab_0.tar.bz2#8b0a19d867a59005c1ae631d61a12194
https://conda.anaconda.org/conda-forge/noarch/pickleshare-0.7.5-py_1003.tar.bz2#415f0ebb6198cc2801c73438a9fb5761
https://conda.anaconda.org/conda-forge/osx-64/postgresql-12.3-he852019_3.tar.bz2#2d052c9b8e4160233fa6755c322d843a
https://conda.anaconda.org/conda-forge/osx-64/proj-7.1.1-h45baca5_3.tar.bz2#8ce5872273b6c64be6874db4daf1eb9d
https://conda.anaconda.org/conda-forge/noarch/prometheus_client-0.9.0-pyhd3deb0d_0.tar.bz2#c7af95daf5bae22ead34151e0ab9d041
https://conda.anaconda.org/conda-forge/noarch/ptyprocess-0.7.0-pyhd3deb0d_0.tar.bz2#359eeb6536da0e687af562ed265ec263
https://conda.anaconda.org/conda-forge/noarch/pycparser-2.20-pyh9f0ad1d_2.tar.bz2#aa798d50ffd182a0f6f31478c7f434f6
https://conda.anaconda.org/conda-forge/noarch/pyjwt-2.0.1-pyhd8ed1ab_0.tar.bz2#26f66f0c7433806ffde00a166e044f03
https://conda.anaconda.org/conda-forge/noarch/pyparsing-2.4.7-pyh9f0ad1d_0.tar.bz2#626c4f20d5bf06dcec9cf2eaa31725c7
https://conda.anaconda.org/conda-forge/noarch/pyshp-2.1.3-pyh44b312d_0.tar.bz2#2d1867b980785eb44b8122184d8b42a6
https://conda.anaconda.org/conda-forge/noarch/python-editor-1.0.4-py_0.tar.bz2#eaaf29a0644f9407f98a4665f45880c4
https://conda.anaconda.org/conda-forge/noarch/python-json-logger-2.0.1-pyh9f0ad1d_0.tar.bz2#aed452f2f9f8bc8b2b0c412975051b5b
https://conda.anaconda.org/conda-forge/osx-64/python_abi-3.8-1_cp38.tar.bz2#5fe7757fd743e1c2d14d6170d4f53365
https://conda.anaconda.org/conda-forge/noarch/pytz-2021.1-pyhd8ed1ab_0.tar.bz2#3af2e9424d5eb0063824a3f9b850d411
https://conda.anaconda.org/conda-forge/noarch/send2trash-1.5.0-py_0.tar.bz2#c3779037a635e1150f1c53c28b875949
https://conda.anaconda.org/conda-forge/noarch/shellingham-1.4.0-pyh44b312d_0.tar.bz2#437655338696f9d0dfdb0a024e66b255
https://conda.anaconda.org/conda-forge/noarch/six-1.15.0-pyh9f0ad1d_0.tar.bz2#1eec421f0f1f39e579e44e4a5ce646a2
https://conda.anaconda.org/conda-forge/noarch/smmap-3.0.5-pyh44b312d_0.tar.bz2#3a8dc70789709aa315325d5df06fb7e4
https://conda.anaconda.org/conda-forge/noarch/snowballstemmer-2.1.0-pyhd8ed1ab_0.tar.bz2#f1d64c0cf0eedf655a96ccdc1573c05a
https://conda.anaconda.org/conda-forge/noarch/soupsieve-2.0.1-py_1.tar.bz2#aa1db70848c19bace567ba39a157f508
https://conda.anaconda.org/conda-forge/noarch/sphinxcontrib-applehelp-1.0.2-py_0.tar.bz2#20b2eaeaeea4ef9a9a0d99770620fd09
https://conda.anaconda.org/conda-forge/noarch/sphinxcontrib-devhelp-1.0.2-py_0.tar.bz2#68e01cac9d38d0e717cd5c87bc3d2cc9
https://conda.anaconda.org/conda-forge/noarch/sphinxcontrib-htmlhelp-1.0.3-py_0.tar.bz2#4508a40465ebf0105e52f7194f299411
https://conda.anaconda.org/conda-forge/noarch/sphinxcontrib-jsmath-1.0.1-py_0.tar.bz2#67cd9d9c0382d37479b4d306c369a2d4
https://conda.anaconda.org/conda-forge/noarch/sphinxcontrib-qthelp-1.0.3-py_0.tar.bz2#d01180388e6d1838c3e1ad029590aa7a
https://conda.anaconda.org/conda-forge/noarch/sphinxcontrib-serializinghtml-1.1.4-py_0.tar.bz2#8ea6a8036e28dba8827d35c764709358
https://conda.anaconda.org/conda-forge/noarch/testpath-0.4.4-py_0.tar.bz2#3b98fff4d5342bebde2ecaa314f796f9
https://conda.anaconda.org/conda-forge/noarch/toml-0.10.2-pyhd8ed1ab_0.tar.bz2#f832c45a477c78bebd107098db465095
https://conda.anaconda.org/conda-forge/noarch/webencodings-0.5.1-py_1.tar.bz2#3563be4c5611a44210d9ba0c16113136
https://conda.anaconda.org/conda-forge/noarch/wheel-0.36.2-pyhd3deb0d_0.tar.bz2#768bfbe026426d0e76b377997d1f2b98
https://conda.anaconda.org/conda-forge/noarch/zipp-3.4.0-py_0.tar.bz2#0df927d2e46244cef8fd75d7ec2ba51c
https://conda.anaconda.org/conda-forge/osx-64/appnope-0.1.2-py38h50d1736_1.tar.bz2#8426b3b9bb0f98118f24e55958f88b8e
https://conda.anaconda.org/conda-forge/noarch/babel-2.9.0-pyhd3deb0d_0.tar.bz2#1cb532c9a6fd4e56a9f0906b87c17b76
https://conda.anaconda.org/conda-forge/noarch/beautifulsoup4-4.9.3-pyhb0f4dca_0.tar.bz2#d243a293d7303ab6195d96ce8c16b1cb
https://conda.anaconda.org/conda-forge/osx-64/certifi-2020.12.5-py38h50d1736_1.tar.bz2#fe528d606027dc2848f5a3577ab9b4eb
https://conda.anaconda.org/conda-forge/osx-64/cffi-1.14.5-py38ha97d567_0.tar.bz2#e7e73148c3781ec81b23f02d7891f138
https://conda.anaconda.org/conda-forge/osx-64/chardet-4.0.0-py38h50d1736_1.tar.bz2#78e43861bd8d39b948feaa1715b22851
https://conda.anaconda.org/conda-forge/noarch/click-default-group-1.2.1-py_0.tar.bz2#64a66d3d4db54208496c4e2fa822eeee
https://conda.anaconda.org/conda-forge/noarch/click-log-0.3.2-pyh9f0ad1d_0.tar.bz2#3a64d156136fad977df1b81a24b57ac0
https://conda.anaconda.org/conda-forge/noarch/cycler-0.10.0-py_2.tar.bz2#f6d7c7e6d8f42cbbec7e07a8d879f91c
https://conda.anaconda.org/conda-forge/osx-64/docutils-0.16-py38h50d1736_3.tar.bz2#935f17c6604af240ea1c31c1d3292293
https://conda.anaconda.org/conda-forge/osx-64/geotiff-1.6.0-hc1004f4_3.tar.bz2#1976bde961682e73031f788f328f7839
https://conda.anaconda.org/conda-forge/noarch/gitdb-4.0.5-pyhd8ed1ab_1.tar.bz2#14fb34dc223b58dba9b21d3c15b0a809
https://conda.anaconda.org/conda-forge/osx-64/gmpy2-2.1.0b1-py38haf64e2c_1.tar.bz2#f819eda68839b987fdf56639d20fc0cc
https://conda.anaconda.org/conda-forge/osx-64/hdfeos5-5.1.16-h01d30be_7.tar.bz2#a16b5222d6e8743be25e799559be8b45
https://conda.anaconda.org/conda-forge/osx-64/importlib-metadata-3.4.0-py38h50d1736_0.tar.bz2#d5ae6784c4d7365437a46256339ccbfb
https://conda.anaconda.org/conda-forge/osx-64/importlib_resources-5.1.0-py38h50d1736_0.tar.bz2#44d303574f8e57a4685651f4cf040afe
https://conda.anaconda.org/conda-forge/osx-64/jedi-0.18.0-py38h50d1736_2.tar.bz2#fd627462ba923b731e3220d729f05951
https://conda.anaconda.org/conda-forge/osx-64/kealib-1.4.14-ha0ce315_1.tar.bz2#f252aaf4c3fa80a84d0ff00a64f3c9c1
https://conda.anaconda.org/conda-forge/osx-64/kiwisolver-1.3.1-py38hd9c93a9_1.tar.bz2#74c943c367b1dd3e951e92520a71fc96
https://conda.anaconda.org/conda-forge/noarch/latexcodec-2.0.1-pyh9f0ad1d_0.tar.bz2#8d67904973263afd2985ba56aa2d6bb4
https://conda.anaconda.org/conda-forge/osx-64/libblas-3.8.0-14_openblas.tar.bz2#4fb639363cc2ac8b4df0fa79e0f67e47
https://conda.anaconda.org/conda-forge/osx-64/libdap4-3.20.6-h75eb3ff_1.tar.bz2#8675e54889b0e147b6e5b251b17ccddd
https://conda.anaconda.org/conda-forge/osx-64/libnetcdf-4.7.4-nompi_h9d8a93f_107.tar.bz2#09ef7d30cb89bacb8ed62ca2f87046b6
https://conda.anaconda.org/conda-forge/osx-64/libspatialite-5.0.1-h6c65aa7_0.tar.bz2#2ec0ffda45989e773a1c198e8d81d915
https://conda.anaconda.org/conda-forge/osx-64/llvmlite-0.34.0-py38h3707e27_2.tar.bz2#71a18e0b908e048a50352c959edb3556
https://conda.anaconda.org/conda-forge/noarch/markdown-it-py-0.5.8-pyhd8ed1ab_0.tar.bz2#e2e3be408426e5aace9504f0385c1e32
https://conda.anaconda.org/conda-forge/osx-64/markupsafe-1.1.1-py38h5406a74_3.tar.bz2#f1334fc4cf0a7c6a7defc63457a9771c
https://conda.anaconda.org/conda-forge/osx-64/mistune-0.8.4-py38h5406a74_1003.tar.bz2#a15cfd99b648dbb53db4ab2347ba80e8
https://conda.anaconda.org/conda-forge/noarch/packaging-20.9-pyh44b312d_0.tar.bz2#be69a38e912054a62dc82cc3c7711a64
https://conda.anaconda.org/conda-forge/noarch/pexpect-4.8.0-pyh9f0ad1d_2.tar.bz2#5909e7b978141dd80d28dbf9de627827
https://conda.anaconda.org/conda-forge/osx-64/pillow-8.1.0-py38h4c06724_2.tar.bz2#f0a608b7bed1001eea60c47b833b380f
https://conda.anaconda.org/conda-forge/osx-64/poppler-0.89.0-hd735947_5.tar.bz2#8ccadd857799b0f550e86399b44c473b
https://conda.anaconda.org/conda-forge/osx-64/pycurl-7.43.0.6-py38h45e5aee_1.tar.bz2#9e32295065f30dca50c1ac240e60ed06
https://conda.anaconda.org/conda-forge/osx-64/pyproj-2.6.1.post1-py38h4367d1d_3.tar.bz2#2c38245f54d2f9ae7aac19d74f29e0b1
https://conda.anaconda.org/conda-forge/osx-64/pyrsistent-0.17.3-py38h5406a74_2.tar.bz2#50060fafbdcf7202bf3aec945555b911
https://conda.anaconda.org/conda-forge/osx-64/pysocks-1.7.1-py38h50d1736_3.tar.bz2#cbf7ab149d29e578a094bcf99d2dbf09
https://conda.anaconda.org/conda-forge/noarch/python-dateutil-2.8.1-py_0.tar.bz2#0d0150ed9c2d25817f5324108d3f7571
https://conda.anaconda.org/conda-forge/osx-64/pyyaml-5.4.1-py38h5406a74_0.tar.bz2#bf86e551c8730e6f6fd8b01b082929c3
https://conda.anaconda.org/conda-forge/osx-64/pyzmq-20.0.0-py38h1cb0b96_1.tar.bz2#e92b6ef2e93cfb441ba9dc0a9912a41a
https://conda.anaconda.org/conda-forge/osx-64/ruamel.yaml.clib-0.2.2-py38h5406a74_2.tar.bz2#421b4b747db26eabd4e50db876c29a21
https://conda.anaconda.org/conda-forge/osx-64/sniffio-1.2.0-py38h50d1736_1.tar.bz2#5071a98de41511ed3b2f11f6034fa083
https://conda.anaconda.org/conda-forge/osx-64/sqlalchemy-1.3.23-py38hca655e8_0.tar.bz2#d825e0437232e013f80c6898a0be600e
https://conda.anaconda.org/conda-forge/osx-64/tiledb-2.2.3-h66dfca1_0.tar.bz2#27db70a5aa5c516cad6b329c31e20646
https://conda.anaconda.org/conda-forge/osx-64/tornado-6.1-py38h5406a74_1.tar.bz2#9f14218e2a273093a0249c3214972055
https://conda.anaconda.org/conda-forge/noarch/traitlets-5.0.5-py_0.tar.bz2#99618ee9ab1323e40f231acdab92fe60
https://conda.anaconda.org/conda-forge/osx-64/anyio-2.1.0-py38h50d1736_0.tar.bz2#7e298d0442abbbc6f540061b3eeb0835
https://conda.anaconda.org/conda-forge/osx-64/argon2-cffi-20.1.0-py38h5406a74_2.tar.bz2#0345d6e49af20d6aa8af98373075bcad
https://conda.anaconda.org/conda-forge/osx-64/brotlipy-0.7.0-py38h5406a74_1001.tar.bz2#67c7c3b7a69e581e3a611730c8ea94fc
https://conda.anaconda.org/conda-forge/osx-64/cryptography-3.4.4-py38h43df06b_0.tar.bz2#9aecd8376e7f66bb24a96bd8914d2a8a
https://conda.anaconda.org/conda-forge/noarch/gitpython-3.1.13-pyhd8ed1ab_0.tar.bz2#1da64f8419e1298caefa51edd4e97b74
https://conda.anaconda.org/conda-forge/noarch/importlib_metadata-3.4.0-hd8ed1ab_0.tar.bz2#6d962cade0658bb1040a3e994add14e0
https://conda.anaconda.org/conda-forge/osx-64/jupyter_core-4.7.1-py38h50d1736_0.tar.bz2#1253aea385688aebc9941897681c8a2a
https://conda.anaconda.org/conda-forge/osx-64/libcblas-3.8.0-14_openblas.tar.bz2#13b63079044bf57e429f4ee014b77d5d
https://conda.anaconda.org/conda-forge/osx-64/libgdal-3.1.4-h1f7cb0a_3.tar.bz2#3487151622376e3eb46e7365c08e92a6
https://conda.anaconda.org/conda-forge/osx-64/liblapack-3.8.0-14_openblas.tar.bz2#14fd39f1808bbdd24a337681b99c99d0
https://conda.anaconda.org/conda-forge/noarch/mako-1.1.4-pyh44b312d_0.tar.bz2#1b618b99d151e88ba0fabff9fa2b2d0b
https://conda.anaconda.org/conda-forge/osx-64/netcdf-fortran-4.5.3-nompi_haced683_101.tar.bz2#669c7014cd63ddd313478bf6925d6d58
https://conda.anaconda.org/conda-forge/osx-64/setuptools-49.6.0-py38h50d1736_3.tar.bz2#af8a81ee7c2c09fc2884c800a044b616
https://conda.anaconda.org/conda-forge/osx-64/sympy-1.7.1-py38h50d1736_1.tar.bz2#7809ed51c35b6a1b8900d11a8e3d034c
https://conda.anaconda.org/conda-forge/osx-64/terminado-0.9.2-py38h50d1736_0.tar.bz2#88a2f516f01292e5868e21097078d3ff
https://conda.anaconda.org/conda-forge/noarch/alembic-1.5.4-pyhd8ed1ab_0.tar.bz2#9bcb6c6609a868829ddb693485982afa
https://conda.anaconda.org/conda-forge/noarch/backports.functools_lru_cache-1.6.1-py_0.tar.bz2#d36df15eaef96549ce6231e3088fba54
https://conda.anaconda.org/conda-forge/noarch/bleach-3.3.0-pyh44b312d_0.tar.bz2#abf6b76c39358ca36ca706c46f054f2a
https://conda.anaconda.org/conda-forge/osx-64/esmf-8.0.1-nompi_h39dff87_2.tar.bz2#507bfbd8b0ddef12f77f23a298200180
https://conda.anaconda.org/conda-forge/osx-64/gsl-2.6-h71c5fe9_2.tar.bz2#6468b455b2234916ebc07c2058611a3d
https://conda.anaconda.org/conda-forge/noarch/jinja2-2.11.3-pyh44b312d_0.tar.bz2#1d4c3605d85a3655b1595e0694138eb6
https://conda.anaconda.org/conda-forge/noarch/jsonschema-3.2.0-py_2.tar.bz2#a17aa962de6145d08e1008cb37c20161
https://conda.anaconda.org/conda-forge/noarch/jupyter_client-6.1.11-pyhd8ed1ab_1.tar.bz2#0fcd80df6d4e0558754c39453ffa3110
https://conda.anaconda.org/conda-forge/osx-64/numpy-1.20.1-py38h64deac9_0.tar.bz2#200326405b96328689cba96489ca95b3
https://conda.anaconda.org/conda-forge/noarch/oauthlib-3.0.1-py_0.tar.bz2#faaf2a8fd1cddecbf1818fcf0ed3a3b6
https://conda.anaconda.org/conda-forge/noarch/pint-0.16.1-py_0.tar.bz2#3a147e648229168687fa22d309faa6fb
https://conda.anaconda.org/conda-forge/noarch/pip-21.0.1-pyhd8ed1ab_0.tar.bz2#849477e10d78cbc283c78fd53bfbb567
https://conda.anaconda.org/conda-forge/osx-64/pybtex-0.24.0-py38h50d1736_0.tar.bz2#d349fede57fea743e33b5e456119d11a
https://conda.anaconda.org/conda-forge/noarch/pygments-2.8.0-pyhd8ed1ab_0.tar.bz2#226cd14ba0554ca2648fecd11090f473
https://conda.anaconda.org/conda-forge/noarch/pyopenssl-20.0.1-pyhd8ed1ab_0.tar.bz2#92371c25994d0f5d28a01c1fb75ebf86
https://conda.anaconda.org/conda-forge/osx-64/ruamel.yaml-0.16.12-py38h5406a74_2.tar.bz2#b0128c70d4d58a2d885aa610b044245f
https://conda.anaconda.org/conda-forge/noarch/certipy-0.1.3-py_0.tar.bz2#23486713ef5712923e7c57cae609b22e
https://conda.anaconda.org/conda-forge/osx-64/cftime-1.4.1-py38ha1b04c9_0.tar.bz2#7c89fc51ac7481cc1df84ebc0757a1db
https://conda.anaconda.org/conda-forge/osx-64/click-completion-0.5.2-py38h50d1736_2.tar.bz2#e36ae03e308bc7903b66283b49f932d2
https://conda.anaconda.org/conda-forge/noarch/jupyter_telemetry-0.1.0-pyhd8ed1ab_1.tar.bz2#bb9ebdb6d5aa2622484aff1faceee181
https://conda.anaconda.org/conda-forge/osx-64/matplotlib-base-3.3.4-py38hb24f337_0.tar.bz2#bd47adf7e0abd77f4dac7ce87bfa4109
https://conda.anaconda.org/conda-forge/noarch/nbformat-5.1.2-pyhd8ed1ab_1.tar.bz2#9633dbb668ac1f9266427672816899dc
https://conda.anaconda.org/conda-forge/osx-64/ncl-6.6.2-h34292a7_23.tar.bz2#59ada9089620c5f528947f8c031bfebc
https://conda.anaconda.org/conda-forge/osx-64/numba-0.51.2-py38h6be0db6_0.tar.bz2#e75c2145507468752c34c06396090aa1
https://conda.anaconda.org/conda-forge/osx-64/pandas-1.2.2-py38hb77cc89_0.tar.bz2#835d496ecd6e38e84d4ff1512832274d
https://conda.anaconda.org/conda-forge/osx-64/pybtex-docutils-1.0.0-py38h50d1736_0.tar.bz2#316faa6fa0fc45699dc4bd20095c0ad6
https://conda.anaconda.org/conda-forge/osx-64/scipy-1.5.3-py38h352ea5d_0.tar.bz2#d38817b51fb8bcc59d1c542a1a963d43
https://conda.anaconda.org/conda-forge/osx-64/shapely-1.7.1-py38h7843d1f_1.tar.bz2#49a7a8c43aca5934260aebf39b0c7552
https://conda.anaconda.org/conda-forge/noarch/urllib3-1.26.3-pyhd8ed1ab_0.tar.bz2#25573e57774dd54cfa848e5dd44503ed
https://conda.anaconda.org/conda-forge/noarch/wcwidth-0.2.5-pyh9f0ad1d_2.tar.bz2#5266fcd697043c59621fda522b3d78ee
https://conda.anaconda.org/conda-forge/osx-64/cartopy-0.18.0-py38h2f0d74d_7.tar.bz2#3b79e30b3f1499c28642d748717cf196
https://conda.anaconda.org/conda-forge/noarch/jupytext-1.9.1-pyhd3deb0d_0.tar.bz2#fac0be93f28ea7d352f38e92cc5e1aa7
https://conda.anaconda.org/conda-forge/osx-64/matplotlib-3.3.4-py38h50d1736_0.tar.bz2#6c31465afbd8cfeb4bc201f8da20e5d2
https://conda.anaconda.org/conda-forge/noarch/nbclient-0.5.2-pyhd8ed1ab_0.tar.bz2#06970c2047dd29a7d320b0a765f9b1e4
https://conda.anaconda.org/conda-forge/osx-64/nbconvert-5.6.1-py38h32f6830_1.tar.bz2#f4c83eb2dcf64eef8d52b7a44400b935
https://conda.anaconda.org/conda-forge/noarch/nc-time-axis-1.2.0-py_1.tar.bz2#f3158a5d335f0f44f09cf05d3fb4107e
https://conda.anaconda.org/conda-forge/osx-64/netcdf4-1.5.6-nompi_py38h1f593c7_100.tar.bz2#c5aa18698f02b19edaada86b3c595224
https://conda.anaconda.org/conda-forge/noarch/prompt-toolkit-3.0.16-pyha770c72_0.tar.bz2#1a7cec3da4a94cd23d3de4155bff4941
https://conda.anaconda.org/conda-forge/osx-64/pyngl-1.6.1-py38h6c853c2_2.tar.bz2#9f0e6ae2c10a158ef3b5f7dcb8b7ad2f
https://conda.anaconda.org/conda-forge/noarch/requests-2.25.1-pyhd3deb0d_0.tar.bz2#ae687aba31a1c400192a86a2e993ffdc
https://conda.anaconda.org/conda-forge/noarch/xarray-0.16.2-pyhd8ed1ab_0.tar.bz2#45057a982fbac8e5c5ba5167358d4bbb
https://conda.anaconda.org/conda-forge/noarch/ensureconda-1.4.1-pyhd8ed1ab_0.tar.bz2#52a7f7cc9076e2c8a25e15e19ad42821
https://conda.anaconda.org/conda-forge/osx-64/ipython-7.20.0-py38h9bb44b7_2.tar.bz2#8a5df352aabe00a0fc069d10c82580ed
https://conda.anaconda.org/conda-forge/osx-64/jupyter_server-1.3.0-py38h50d1736_0.tar.bz2#b2c8d0823e252d2d7487c390ba0fe59f
https://conda.anaconda.org/conda-forge/osx-64/jupyterhub-base-1.3.0-py38h50d1736_0.tar.bz2#9887329e6f5b6a2d1715d370a2639689
https://conda.anaconda.org/conda-forge/noarch/pooch-1.3.0-pyhd8ed1ab_0.tar.bz2#7041d42601fe3de878565ca84c952237
https://conda.anaconda.org/conda-forge/noarch/sphinx-3.5.1-pyhd8ed1ab_0.tar.bz2#c9740de39c0c595a835da6f8eb6941e1
https://conda.anaconda.org/conda-forge/noarch/conda-lock-0.8.0-pyhd8ed1ab_0.tar.bz2#1258c98fb0bb0b9171b8150e259535b8
https://conda.anaconda.org/conda-forge/osx-64/ipykernel-5.4.3-py38h9bb44b7_0.tar.bz2#3dec4af044cfe2d5f9ff1dccb0fc7d0a
https://conda.anaconda.org/conda-forge/osx-64/jupyterhub-1.3.0-py38h50d1736_0.tar.bz2#d66637247ffb8863742f2b06de7e852a
https://conda.anaconda.org/conda-forge/noarch/jupyterlab_server-2.2.1-pyhd8ed1ab_0.tar.bz2#5e975b13b5e6bc248d2e0366f68595eb
https://conda.anaconda.org/conda-forge/noarch/metpy-1.0-pyhd8ed1ab_0.tar.bz2#b7da8602ec108ea1e056598f8d861909
https://conda.anaconda.org/conda-forge/noarch/myst-parser-0.12.10-py_0.tar.bz2#be3bf2b4a25cc468510a2579fbe101a1
https://conda.anaconda.org/conda-forge/noarch/pydata-sphinx-theme-0.4.3-pyhd8ed1ab_0.tar.bz2#6b244842d35eb2c8f85a757cbb17947a
https://conda.anaconda.org/conda-forge/noarch/sphinx-comments-0.0.3-pyh9f0ad1d_0.tar.bz2#2ae3ce35de0c1cec45c94182694f8d1b
https://conda.anaconda.org/conda-forge/noarch/sphinx-copybutton-0.3.1-pyhd8ed1ab_0.tar.bz2#decad13214a2a545944560eccf4a9815
https://conda.anaconda.org/conda-forge/noarch/sphinx-panels-0.5.2-pyhd3deb0d_0.tar.bz2#1a871a63c4be1bd47a7aa48b7417a426
https://conda.anaconda.org/conda-forge/noarch/sphinx-thebe-0.0.7-pyh9f0ad1d_0.tar.bz2#471dab7310784fc8e115debe75764b83
https://conda.anaconda.org/conda-forge/noarch/sphinx-togglebutton-0.2.2-pyh9f0ad1d_0.tar.bz2#f85d90f5ba3681a90a79444f2f6c285f
https://conda.anaconda.org/conda-forge/noarch/sphinxcontrib-bibtex-1.0.0-py_0.tar.bz2#14eee0167ee00dcea96aead777f229a7
https://conda.anaconda.org/conda-forge/osx-64/notebook-6.2.0-py38h50d1736_0.tar.bz2#22c481b3ed65c1f6d87db00431abbb30
https://conda.anaconda.org/conda-forge/noarch/sphinx-book-theme-0.0.38-pyhd8ed1ab_0.tar.bz2#ea9afa186badee08936cbd9b98e2323c
https://conda.anaconda.org/conda-forge/noarch/nbclassic-0.2.6-pyhd8ed1ab_0.tar.bz2#49be35e31b49012ea91fcd667ebdf4ad
https://conda.anaconda.org/conda-forge/noarch/nbdime-2.1.0-py_0.tar.bz2#f67fc83a532d286706aef7f9ec2a1739
https://conda.anaconda.org/conda-forge/osx-64/widgetsnbextension-3.5.1-py38h50d1736_4.tar.bz2#7d69dd67c8a01d72b41e73102141afb8
https://conda.anaconda.org/conda-forge/noarch/ipywidgets-7.6.3-pyhd3deb0d_0.tar.bz2#536a9ed6d9e740f2b83d1a3c388e4388
https://conda.anaconda.org/conda-forge/noarch/jupyter-cache-0.4.1-py_0.tar.bz2#b326be185f02af10136ef8eb9fd3e2dc
https://conda.anaconda.org/conda-forge/noarch/jupyterlab-3.0.3-pyhd8ed1ab_0.tar.bz2#8bf2ed6ca16d3fe1679523d8f543928f
https://conda.anaconda.org/conda-forge/noarch/jupyter-sphinx-0.3.2-py_0.tar.bz2#9ae5148b076ddba22552ddb57a4c22ee
https://conda.anaconda.org/conda-forge/noarch/myst-nb-0.10.1-py_0.tar.bz2#7e0b1188f876c469a6eaf31f5798233a
https://conda.anaconda.org/conda-forge/noarch/jupyter-book-0.8.2-pyhd8ed1ab_0.tar.bz2#e1f0a225d2866f878b305fb6de323675
